
Microsoft Visual Studio Solution File, Format Version 12.00
# Visual Studio 2012
Project("{8BC9CEB8-8B4A-11D0-8D11-00A0C91BC942}") = "back_tracking", "back_tracking\back_tracking.vcxproj", "{FE11A4F2-AE6F-461B-A4E1-867B91016BBC}"
EndProject
Global
	GlobalSection(SolutionConfigurationPlatforms) = preSolution
		Debug|Win32 = Debug|Win32
		Release|Win32 = Release|Win32
	EndGlobalSection
	GlobalSection(ProjectConfigurationPlatforms) = postSolution
		{FE11A4F2-AE6F-461B-A4E1-867B91016BBC}.Debug|Win32.ActiveCfg = Debug|Win32
		{FE11A4F2-AE6F-461B-A4E1-867B91016BBC}.Debug|Win32.Build.0 = Debug|Win32
		{FE11A4F2-AE6F-461B-A4E1-867B91016BBC}.Release|Win32.ActiveCfg = Release|Win32
		{FE11A4F2-AE6F-461B-A4E1-867B91016BBC}.Release|Win32.Build.0 = Release|Win32
	EndGlobalSection
	GlobalSection(SolutionProperties) = preSolution
		HideSolutionNode = FALSE
	EndGlobalSection
EndGlobal
